
Microsoft Visual Studio Solution File, Format Version 12.00
# Visual Studio Version 16
VisualStudioVersion = 16.0.29411.108
MinimumVisualStudioVersion = 10.0.40219.1
Project("{FAE04EC0-301F-11D3-BF4B-00C04F79EFBC}") = "MoveWorkItemsWhenPullRequestComplete", "MoveWorkItemsWhenPullRequestComplete.csproj", "{C2849DFC-5489-4FB4-ABE2-9B87788E6FDC}"
EndProject
Global
	GlobalSection(SolutionConfigurationPlatforms) = preSolution
		Debug|Any CPU = Debug|Any CPU
		Release|Any CPU = Release|Any CPU
	EndGlobalSection
	GlobalSection(ProjectConfigurationPlatforms) = postSolution
		{C2849DFC-5489-4FB4-ABE2-9B87788E6FDC}.Debug|Any CPU.ActiveCfg = Debug|Any CPU
		{C2849DFC-5489-4FB4-ABE2-9B87788E6FDC}.Debug|Any CPU.Build.0 = Debug|Any CPU
		{C2849DFC-5489-4FB4-ABE2-9B87788E6FDC}.Release|Any CPU.ActiveCfg = Release|Any CPU
		{C2849DFC-5489-4FB4-ABE2-9B87788E6FDC}.Release|Any CPU.Build.0 = Release|Any CPU
	EndGlobalSection
	GlobalSection(SolutionProperties) = preSolution
		HideSolutionNode = FALSE
	EndGlobalSection
	GlobalSection(ExtensibilityGlobals) = postSolution
		SolutionGuid = {5748107C-3B35-46C2-A2F5-6C29F2670E6E}
	EndGlobalSection
EndGlobal
